
Microsoft Visual Studio Solution File, Format Version 12.00
# Visual Studio Version 17
VisualStudioVersion = 17.2.32616.157
MinimumVisualStudioVersion = 10.0.40219.1
Project("{9A19103F-16F7-4668-BE54-9A1E7A4F7556}") = "Wire", "Wire\Wire.csproj", "{24B65379-1C8F-4AF0-A6A8-29CD226B9C80}"
EndProject
Project("{9A19103F-16F7-4668-BE54-9A1E7A4F7556}") = "Wire.Tests", "Wire.Tests\Wire.Tests.csproj", "{49A11490-75D7-4D82-B8A6-DE505160CF2C}"
EndProject
Project("{9A19103F-16F7-4668-BE54-9A1E7A4F7556}") = "Wire.Razor", "Wire.Razor\Wire.Razor.csproj", "{A4D56965-C2BA-4121-A027-E3EB94F3866D}"
EndProject
Project("{9A19103F-16F7-4668-BE54-9A1E7A4F7556}") = "Wire.ASPNET", "Wire.ASPNET\Wire.ASPNET.csproj", "{60204114-B440-48CD-B51A-7469F7AE0217}"
EndProject
Project("{9A19103F-16F7-4668-BE54-9A1E7A4F7556}") = "Wire.Tests.Console", "Wire.Tests.Console\Wire.Tests.Console.csproj", "{F48DADDD-1515-436C-A396-268328E4519B}"
EndProject
Global
	GlobalSection(SolutionConfigurationPlatforms) = preSolution
		Debug|Any CPU = Debug|Any CPU
		Release|Any CPU = Release|Any CPU
	EndGlobalSection
	GlobalSection(ProjectConfigurationPlatforms) = postSolution
		{24B65379-1C8F-4AF0-A6A8-29CD226B9C80}.Debug|Any CPU.ActiveCfg = Debug|Any CPU
		{24B65379-1C8F-4AF0-A6A8-29CD226B9C80}.Debug|Any CPU.Build.0 = Debug|Any CPU
		{24B65379-1C8F-4AF0-A6A8-29CD226B9C80}.Release|Any CPU.ActiveCfg = Release|Any CPU
		{24B65379-1C8F-4AF0-A6A8-29CD226B9C80}.Release|Any CPU.Build.0 = Release|Any CPU
		{49A11490-75D7-4D82-B8A6-DE505160CF2C}.Debug|Any CPU.ActiveCfg = Debug|Any CPU
		{49A11490-75D7-4D82-B8A6-DE505160CF2C}.Debug|Any CPU.Build.0 = Debug|Any CPU
		{49A11490-75D7-4D82-B8A6-DE505160CF2C}.Release|Any CPU.ActiveCfg = Release|Any CPU
		{49A11490-75D7-4D82-B8A6-DE505160CF2C}.Release|Any CPU.Build.0 = Release|Any CPU
		{A4D56965-C2BA-4121-A027-E3EB94F3866D}.Debug|Any CPU.ActiveCfg = Debug|Any CPU
		{A4D56965-C2BA-4121-A027-E3EB94F3866D}.Debug|Any CPU.Build.0 = Debug|Any CPU
		{A4D56965-C2BA-4121-A027-E3EB94F3866D}.Release|Any CPU.ActiveCfg = Release|Any CPU
		{A4D56965-C2BA-4121-A027-E3EB94F3866D}.Release|Any CPU.Build.0 = Release|Any CPU
		{60204114-B440-48CD-B51A-7469F7AE0217}.Debug|Any CPU.ActiveCfg = Debug|Any CPU
		{60204114-B440-48CD-B51A-7469F7AE0217}.Debug|Any CPU.Build.0 = Debug|Any CPU
		{60204114-B440-48CD-B51A-7469F7AE0217}.Release|Any CPU.ActiveCfg = Release|Any CPU
		{60204114-B440-48CD-B51A-7469F7AE0217}.Release|Any CPU.Build.0 = Release|Any CPU
		{F48DADDD-1515-436C-A396-268328E4519B}.Debug|Any CPU.ActiveCfg = Debug|Any CPU
		{F48DADDD-1515-436C-A396-268328E4519B}.Debug|Any CPU.Build.0 = Debug|Any CPU
		{F48DADDD-1515-436C-A396-268328E4519B}.Release|Any CPU.ActiveCfg = Release|Any CPU
		{F48DADDD-1515-436C-A396-268328E4519B}.Release|Any CPU.Build.0 = Release|Any CPU
	EndGlobalSection
	GlobalSection(SolutionProperties) = preSolution
		HideSolutionNode = FALSE
	EndGlobalSection
	GlobalSection(ExtensibilityGlobals) = postSolution
		SolutionGuid = {91876415-83C3-450A-8A0A-80B9C347128C}
	EndGlobalSection
EndGlobal
